
Microsoft Visual Studio Solution File, Format Version 12.00
# Visual Studio 15
VisualStudioVersion = 15.0.27130.2036
MinimumVisualStudioVersion = 10.0.40219.1
Project("{FAE04EC0-301F-11D3-BF4B-00C04F79EFBC}") = "ContentTree", "ContentTree\ContentTree.csproj", "{4D6DD181-062D-4935-9CAC-638B8B5E4000}"
EndProject
Global
	GlobalSection(SolutionConfigurationPlatforms) = preSolution
		Debug|Any CPU = Debug|Any CPU
		Release|Any CPU = Release|Any CPU
	EndGlobalSection
	GlobalSection(ProjectConfigurationPlatforms) = postSolution
		{4D6DD181-062D-4935-9CAC-638B8B5E4000}.Debug|Any CPU.ActiveCfg = Debug|Any CPU
		{4D6DD181-062D-4935-9CAC-638B8B5E4000}.Debug|Any CPU.Build.0 = Debug|Any CPU
		{4D6DD181-062D-4935-9CAC-638B8B5E4000}.Release|Any CPU.ActiveCfg = Release|Any CPU
		{4D6DD181-062D-4935-9CAC-638B8B5E4000}.Release|Any CPU.Build.0 = Release|Any CPU
	EndGlobalSection
	GlobalSection(SolutionProperties) = preSolution
		HideSolutionNode = FALSE
	EndGlobalSection
	GlobalSection(ExtensibilityGlobals) = postSolution
		SolutionGuid = {BE3EB385-D644-4D50-8B52-B8ED243B0442}
	EndGlobalSection
EndGlobal
